
Microsoft Visual Studio Solution File, Format Version 12.00
# Visual Studio Version 17
VisualStudioVersion = 17.5.33627.172
MinimumVisualStudioVersion = 10.0.40219.1
Project("{9A19103F-16F7-4668-BE54-9A1E7A4F7556}") = "Xnet", "Xnet\Xnet.csproj", "{799827F7-0BCC-46B4-A75A-3CB4114B0CDF}"
EndProject
Project("{9A19103F-16F7-4668-BE54-9A1E7A4F7556}") = "Xnet.Test", "Xnet.Test\Xnet.Test.csproj", "{709A43EB-C216-46BD-8CE9-4238C8C34559}"
EndProject
Project("{2150E333-8FDC-42A3-9474-1A3956D46DE8}") = "솔루션 항목", "솔루션 항목", "{23F8208A-D04C-43FD-8D1C-01C4691C30B3}"
	ProjectSection(SolutionItems) = preProject
		ReadMe.md = ReadMe.md
	EndProjectSection
EndProject
Project("{9A19103F-16F7-4668-BE54-9A1E7A4F7556}") = "Xnet.JsonRpc", "Xnet.JsonRpc\Xnet.JsonRpc.csproj", "{0FC92500-9427-4D13-962F-D10798C81A5E}"
EndProject
Project("{2150E333-8FDC-42A3-9474-1A3956D46DE8}") = "Core Library", "Core Library", "{2C2A81C7-0CEB-4D05-8BFD-E54685654B77}"
EndProject
Project("{9A19103F-16F7-4668-BE54-9A1E7A4F7556}") = "Xnet.Dsa", "Xnet.Dsa\Xnet.Dsa.csproj", "{BAD058AF-B4B3-4C54-B011-9413F1E1D6CA}"
EndProject
Project("{2150E333-8FDC-42A3-9474-1A3956D46DE8}") = "Tests", "Tests", "{3420A1E3-B537-4795-A681-F969D6F41DDC}"
EndProject
Project("{9A19103F-16F7-4668-BE54-9A1E7A4F7556}") = "Xnet.Dsa.Test", "Xnet.Dsa.Test\Xnet.Dsa.Test.csproj", "{1EC33398-4551-4847-8D42-2AA885D15243}"
EndProject
Project("{9A19103F-16F7-4668-BE54-9A1E7A4F7556}") = "Xnet.Replika", "Xnet.Replika\Xnet.Replika.csproj", "{A6036E6C-8C3A-4369-8B92-D3F4D89ADB76}"
EndProject
Project("{9A19103F-16F7-4668-BE54-9A1E7A4F7556}") = "Xnet.Replika.Test", "Xnet.Replika.Test\Xnet.Replika.Test.csproj", "{6B7B7E7A-08C0-412D-8289-5BDAEA675E42}"
EndProject
Project("{9A19103F-16F7-4668-BE54-9A1E7A4F7556}") = "Xnet.Hosting", "Xnet.Hosting\Xnet.Hosting.csproj", "{BC58DC97-91C8-48C3-BBF7-09600B8A0BFE}"
EndProject
Project("{9A19103F-16F7-4668-BE54-9A1E7A4F7556}") = "Xnet.Hosting.Test", "Xnet.Hosting.Test\Xnet.Hosting.Test.csproj", "{6DCD54D4-5C92-4E91-A8C3-5C47F085250A}"
EndProject
Project("{9A19103F-16F7-4668-BE54-9A1E7A4F7556}") = "Xnet.Buckets", "Xnet.Buckets\Xnet.Buckets.csproj", "{A2487A54-C0B2-4B30-8DA1-BD3AFB099C48}"
EndProject
Project("{9A19103F-16F7-4668-BE54-9A1E7A4F7556}") = "Xnet.Buckets.Test", "Xnet.Buckets.Test\Xnet.Buckets.Test.csproj", "{75CB9421-4FE2-49D5-B68B-D42CED4A0550}"
EndProject
Project("{FAE04EC0-301F-11D3-BF4B-00C04F79EFBC}") = "Xnet.Streams", "Xnet.Streams\Xnet.Streams.csproj", "{D80E3D76-81E7-4429-9181-5BE4ED9AAD56}"
EndProject
Project("{FAE04EC0-301F-11D3-BF4B-00C04F79EFBC}") = "XnetStreamTest", "XnetStreamTest\XnetStreamTest.csproj", "{3D2ACA3D-A2D1-4BB0-A01A-A3E0210BD0D0}"
EndProject
Global
	GlobalSection(SolutionConfigurationPlatforms) = preSolution
		Debug|Any CPU = Debug|Any CPU
		Release|Any CPU = Release|Any CPU
	EndGlobalSection
	GlobalSection(ProjectConfigurationPlatforms) = postSolution
		{799827F7-0BCC-46B4-A75A-3CB4114B0CDF}.Debug|Any CPU.ActiveCfg = Debug|Any CPU
		{799827F7-0BCC-46B4-A75A-3CB4114B0CDF}.Debug|Any CPU.Build.0 = Debug|Any CPU
		{799827F7-0BCC-46B4-A75A-3CB4114B0CDF}.Release|Any CPU.ActiveCfg = Release|Any CPU
		{799827F7-0BCC-46B4-A75A-3CB4114B0CDF}.Release|Any CPU.Build.0 = Release|Any CPU
		{709A43EB-C216-46BD-8CE9-4238C8C34559}.Debug|Any CPU.ActiveCfg = Debug|Any CPU
		{709A43EB-C216-46BD-8CE9-4238C8C34559}.Debug|Any CPU.Build.0 = Debug|Any CPU
		{709A43EB-C216-46BD-8CE9-4238C8C34559}.Release|Any CPU.ActiveCfg = Release|Any CPU
		{709A43EB-C216-46BD-8CE9-4238C8C34559}.Release|Any CPU.Build.0 = Release|Any CPU
		{0FC92500-9427-4D13-962F-D10798C81A5E}.Debug|Any CPU.ActiveCfg = Debug|Any CPU
		{0FC92500-9427-4D13-962F-D10798C81A5E}.Debug|Any CPU.Build.0 = Debug|Any CPU
		{0FC92500-9427-4D13-962F-D10798C81A5E}.Release|Any CPU.ActiveCfg = Release|Any CPU
		{0FC92500-9427-4D13-962F-D10798C81A5E}.Release|Any CPU.Build.0 = Release|Any CPU
		{BAD058AF-B4B3-4C54-B011-9413F1E1D6CA}.Debug|Any CPU.ActiveCfg = Debug|Any CPU
		{BAD058AF-B4B3-4C54-B011-9413F1E1D6CA}.Debug|Any CPU.Build.0 = Debug|Any CPU
		{BAD058AF-B4B3-4C54-B011-9413F1E1D6CA}.Release|Any CPU.ActiveCfg = Release|Any CPU
		{BAD058AF-B4B3-4C54-B011-9413F1E1D6CA}.Release|Any CPU.Build.0 = Release|Any CPU
		{1EC33398-4551-4847-8D42-2AA885D15243}.Debug|Any CPU.ActiveCfg = Debug|Any CPU
		{1EC33398-4551-4847-8D42-2AA885D15243}.Debug|Any CPU.Build.0 = Debug|Any CPU
		{1EC33398-4551-4847-8D42-2AA885D15243}.Release|Any CPU.ActiveCfg = Release|Any CPU
		{1EC33398-4551-4847-8D42-2AA885D15243}.Release|Any CPU.Build.0 = Release|Any CPU
		{A6036E6C-8C3A-4369-8B92-D3F4D89ADB76}.Debug|Any CPU.ActiveCfg = Debug|Any CPU
		{A6036E6C-8C3A-4369-8B92-D3F4D89ADB76}.Debug|Any CPU.Build.0 = Debug|Any CPU
		{A6036E6C-8C3A-4369-8B92-D3F4D89ADB76}.Release|Any CPU.ActiveCfg = Release|Any CPU
		{A6036E6C-8C3A-4369-8B92-D3F4D89ADB76}.Release|Any CPU.Build.0 = Release|Any CPU
		{6B7B7E7A-08C0-412D-8289-5BDAEA675E42}.Debug|Any CPU.ActiveCfg = Debug|Any CPU
		{6B7B7E7A-08C0-412D-8289-5BDAEA675E42}.Debug|Any CPU.Build.0 = Debug|Any CPU
		{6B7B7E7A-08C0-412D-8289-5BDAEA675E42}.Release|Any CPU.ActiveCfg = Release|Any CPU
		{6B7B7E7A-08C0-412D-8289-5BDAEA675E42}.Release|Any CPU.Build.0 = Release|Any CPU
		{BC58DC97-91C8-48C3-BBF7-09600B8A0BFE}.Debug|Any CPU.ActiveCfg = Debug|Any CPU
		{BC58DC97-91C8-48C3-BBF7-09600B8A0BFE}.Debug|Any CPU.Build.0 = Debug|Any CPU
		{BC58DC97-91C8-48C3-BBF7-09600B8A0BFE}.Release|Any CPU.ActiveCfg = Release|Any CPU
		{BC58DC97-91C8-48C3-BBF7-09600B8A0BFE}.Release|Any CPU.Build.0 = Release|Any CPU
		{6DCD54D4-5C92-4E91-A8C3-5C47F085250A}.Debug|Any CPU.ActiveCfg = Debug|Any CPU
		{6DCD54D4-5C92-4E91-A8C3-5C47F085250A}.Debug|Any CPU.Build.0 = Debug|Any CPU
		{6DCD54D4-5C92-4E91-A8C3-5C47F085250A}.Release|Any CPU.ActiveCfg = Release|Any CPU
		{6DCD54D4-5C92-4E91-A8C3-5C47F085250A}.Release|Any CPU.Build.0 = Release|Any CPU
		{A2487A54-C0B2-4B30-8DA1-BD3AFB099C48}.Debug|Any CPU.ActiveCfg = Debug|Any CPU
		{A2487A54-C0B2-4B30-8DA1-BD3AFB099C48}.Debug|Any CPU.Build.0 = Debug|Any CPU
		{A2487A54-C0B2-4B30-8DA1-BD3AFB099C48}.Release|Any CPU.ActiveCfg = Release|Any CPU
		{A2487A54-C0B2-4B30-8DA1-BD3AFB099C48}.Release|Any CPU.Build.0 = Release|Any CPU
		{75CB9421-4FE2-49D5-B68B-D42CED4A0550}.Debug|Any CPU.ActiveCfg = Debug|Any CPU
		{75CB9421-4FE2-49D5-B68B-D42CED4A0550}.Debug|Any CPU.Build.0 = Debug|Any CPU
		{75CB9421-4FE2-49D5-B68B-D42CED4A0550}.Release|Any CPU.ActiveCfg = Release|Any CPU
		{75CB9421-4FE2-49D5-B68B-D42CED4A0550}.Release|Any CPU.Build.0 = Release|Any CPU
		{D80E3D76-81E7-4429-9181-5BE4ED9AAD56}.Debug|Any CPU.ActiveCfg = Debug|Any CPU
		{D80E3D76-81E7-4429-9181-5BE4ED9AAD56}.Debug|Any CPU.Build.0 = Debug|Any CPU
		{D80E3D76-81E7-4429-9181-5BE4ED9AAD56}.Release|Any CPU.ActiveCfg = Release|Any CPU
		{D80E3D76-81E7-4429-9181-5BE4ED9AAD56}.Release|Any CPU.Build.0 = Release|Any CPU
		{3D2ACA3D-A2D1-4BB0-A01A-A3E0210BD0D0}.Debug|Any CPU.ActiveCfg = Debug|Any CPU
		{3D2ACA3D-A2D1-4BB0-A01A-A3E0210BD0D0}.Debug|Any CPU.Build.0 = Debug|Any CPU
		{3D2ACA3D-A2D1-4BB0-A01A-A3E0210BD0D0}.Release|Any CPU.ActiveCfg = Release|Any CPU
		{3D2ACA3D-A2D1-4BB0-A01A-A3E0210BD0D0}.Release|Any CPU.Build.0 = Release|Any CPU
	EndGlobalSection
	GlobalSection(SolutionProperties) = preSolution
		HideSolutionNode = FALSE
	EndGlobalSection
	GlobalSection(NestedProjects) = preSolution
		{799827F7-0BCC-46B4-A75A-3CB4114B0CDF} = {2C2A81C7-0CEB-4D05-8BFD-E54685654B77}
		{709A43EB-C216-46BD-8CE9-4238C8C34559} = {3420A1E3-B537-4795-A681-F969D6F41DDC}
		{BAD058AF-B4B3-4C54-B011-9413F1E1D6CA} = {2C2A81C7-0CEB-4D05-8BFD-E54685654B77}
		{1EC33398-4551-4847-8D42-2AA885D15243} = {3420A1E3-B537-4795-A681-F969D6F41DDC}
		{6B7B7E7A-08C0-412D-8289-5BDAEA675E42} = {3420A1E3-B537-4795-A681-F969D6F41DDC}
		{BC58DC97-91C8-48C3-BBF7-09600B8A0BFE} = {2C2A81C7-0CEB-4D05-8BFD-E54685654B77}
		{6DCD54D4-5C92-4E91-A8C3-5C47F085250A} = {3420A1E3-B537-4795-A681-F969D6F41DDC}
		{75CB9421-4FE2-49D5-B68B-D42CED4A0550} = {3420A1E3-B537-4795-A681-F969D6F41DDC}
		{3D2ACA3D-A2D1-4BB0-A01A-A3E0210BD0D0} = {3420A1E3-B537-4795-A681-F969D6F41DDC}
	EndGlobalSection
	GlobalSection(ExtensibilityGlobals) = postSolution
		SolutionGuid = {1E39FBE2-9FD2-4452-BB5F-12471CA2E395}
	EndGlobalSection
EndGlobal
